
Microsoft Visual Studio Solution File, Format Version 12.00
# Visual Studio Version 17
VisualStudioVersion = 17.14.36518.9 d17.14
MinimumVisualStudioVersion = 10.0.40219.1
Project("{FAE04EC0-301F-11D3-BF4B-00C04F79EFBC}") = "PametnoMesto", "PametnoMesto\PametnoMesto.csproj", "{08993CF4-F73A-4412-874C-9DEC41FC6F7F}"
EndProject
Project("{FAE04EC0-301F-11D3-BF4B-00C04F79EFBC}") = "PametnoMesto.Test", "PametnoMesto.Test\PametnoMesto.Test.csproj", "{3F7EBAF8-84E8-4178-9894-9B5A288F26F8}"
EndProject
Global
	GlobalSection(SolutionConfigurationPlatforms) = preSolution
		Debug|Any CPU = Debug|Any CPU
		Release|Any CPU = Release|Any CPU
	EndGlobalSection
	GlobalSection(ProjectConfigurationPlatforms) = postSolution
		{08993CF4-F73A-4412-874C-9DEC41FC6F7F}.Debug|Any CPU.ActiveCfg = Debug|Any CPU
		{08993CF4-F73A-4412-874C-9DEC41FC6F7F}.Debug|Any CPU.Build.0 = Debug|Any CPU
		{08993CF4-F73A-4412-874C-9DEC41FC6F7F}.Release|Any CPU.ActiveCfg = Release|Any CPU
		{08993CF4-F73A-4412-874C-9DEC41FC6F7F}.Release|Any CPU.Build.0 = Release|Any CPU
		{3F7EBAF8-84E8-4178-9894-9B5A288F26F8}.Debug|Any CPU.ActiveCfg = Debug|Any CPU
		{3F7EBAF8-84E8-4178-9894-9B5A288F26F8}.Debug|Any CPU.Build.0 = Debug|Any CPU
		{3F7EBAF8-84E8-4178-9894-9B5A288F26F8}.Release|Any CPU.ActiveCfg = Release|Any CPU
		{3F7EBAF8-84E8-4178-9894-9B5A288F26F8}.Release|Any CPU.Build.0 = Release|Any CPU
	EndGlobalSection
	GlobalSection(SolutionProperties) = preSolution
		HideSolutionNode = FALSE
	EndGlobalSection
	GlobalSection(ExtensibilityGlobals) = postSolution
		SolutionGuid = {3EE4376B-5F51-4422-A132-29E1462A06EF}
	EndGlobalSection
EndGlobal
